<Solution>
  <Folder Name="/src/">
    <Project Path="src/AgentHarness.Framework/AgentHarness.Framework.csproj" />
    <Project Path="src/AgentHarness.Infrastructure/AgentHarness.Infrastructure.csproj" />
    <Project Path="src/AgentHarness.SampleAgent/AgentHarness.SampleAgent.csproj" />
  </Folder>
</Solution>
