<Solution>
  <Folder Name="/src/">
    <Project Path="src/SapphireGuard.ModelHarness.Framework/SapphireGuard.ModelHarness.Framework.csproj" />
    <Project Path="src/SapphireGuard.ModelHarness.Infrastructure.Anthropic/SapphireGuard.ModelHarness.Infrastructure.Anthropic.csproj" />
    <Project Path="src/SapphireGuard.ModelHarness.Infrastructure/SapphireGuard.ModelHarness.Infrastructure.csproj" />
    <Project Path="src/SapphireGuard.ModelHarness.Infrastructure.Mcp/SapphireGuard.ModelHarness.Infrastructure.Mcp.csproj" />
    <Project Path="src/SapphireGuard.ModelHarness.Infrastructure.Persistence/SapphireGuard.ModelHarness.Infrastructure.Persistence.csproj" />
    <Project Path="src/SapphireGuard.ModelHarness.SampleAgent/SapphireGuard.ModelHarness.SampleAgent.csproj" />
  </Folder>
  <Folder Name="/tests/">
    <Project Path="tests/SapphireGuard.ModelHarness.Framework.Tests.Unit/SapphireGuard.ModelHarness.Framework.Tests.Unit.csproj" />
  </Folder>
</Solution>
